
Microsoft Visual Studio Solution File, Format Version 12.00
# Visual Studio Version 17
VisualStudioVersion = 17.11.35312.102
MinimumVisualStudioVersion = 10.0.40219.1
Project("{FAE04EC0-301F-11D3-BF4B-00C04F79EFBC}") = "AcademyProject", "AcademyProject\AcademyProject.csproj", "{653C9BC7-3947-4B65-B3A9-E57826903F0E}"
EndProject
Global
	GlobalSection(SolutionConfigurationPlatforms) = preSolution
		Debug|Any CPU = Debug|Any CPU
		Release|Any CPU = Release|Any CPU
	EndGlobalSection
	GlobalSection(ProjectConfigurationPlatforms) = postSolution
		{653C9BC7-3947-4B65-B3A9-E57826903F0E}.Debug|Any CPU.ActiveCfg = Debug|Any CPU
		{653C9BC7-3947-4B65-B3A9-E57826903F0E}.Debug|Any CPU.Build.0 = Debug|Any CPU
		{653C9BC7-3947-4B65-B3A9-E57826903F0E}.Release|Any CPU.ActiveCfg = Release|Any CPU
		{653C9BC7-3947-4B65-B3A9-E57826903F0E}.Release|Any CPU.Build.0 = Release|Any CPU
	EndGlobalSection
	GlobalSection(SolutionProperties) = preSolution
		HideSolutionNode = FALSE
	EndGlobalSection
	GlobalSection(ExtensibilityGlobals) = postSolution
		SolutionGuid = {F0C91449-94AB-45A6-8007-7C07C4818BBC}
	EndGlobalSection
EndGlobal
