
Microsoft Visual Studio Solution File, Format Version 12.00
# Visual Studio Version 17
VisualStudioVersion = 17.11.35312.102
MinimumVisualStudioVersion = 10.0.40219.1
Project("{FAE04EC0-301F-11D3-BF4B-00C04F79EFBC}") = "StudentServiceeTaskk", "StudentServiceeTaskk\StudentServiceeTaskk.csproj", "{18B9695B-1180-45CF-9674-472124CECFBA}"
EndProject
Global
	GlobalSection(SolutionConfigurationPlatforms) = preSolution
		Debug|Any CPU = Debug|Any CPU
		Release|Any CPU = Release|Any CPU
	EndGlobalSection
	GlobalSection(ProjectConfigurationPlatforms) = postSolution
		{18B9695B-1180-45CF-9674-472124CECFBA}.Debug|Any CPU.ActiveCfg = Debug|Any CPU
		{18B9695B-1180-45CF-9674-472124CECFBA}.Debug|Any CPU.Build.0 = Debug|Any CPU
		{18B9695B-1180-45CF-9674-472124CECFBA}.Release|Any CPU.ActiveCfg = Release|Any CPU
		{18B9695B-1180-45CF-9674-472124CECFBA}.Release|Any CPU.Build.0 = Release|Any CPU
	EndGlobalSection
	GlobalSection(SolutionProperties) = preSolution
		HideSolutionNode = FALSE
	EndGlobalSection
	GlobalSection(ExtensibilityGlobals) = postSolution
		SolutionGuid = {1F7AF29D-1ACB-4912-8336-7D703B8BBA91}
	EndGlobalSection
EndGlobal
